// !$*UTF8*$!
{
	archiveVersion = 1;
	classes = {
	};
	objectVersion = 50;
	objects = {

/* Begin PBXBuildFile section */
		CE96D0C620BED3160089CDEB /* AppDelegate.m in Sources */ = {isa = PBXBuildFile; fileRef = CE96D0C520BED3160089CDEB /* AppDelegate.m */; };
		CE96D0C920BED3160089CDEB /* ViewController.m in Sources */ = {isa = PBXBuildFile; fileRef = CE96D0C820BED3160089CDEB /* ViewController.m */; };
		CE96D0CC20BED3160089CDEB /* Main.storyboard in Resources */ = {isa = PBXBuildFile; fileRef = CE96D0CA20BED3160089CDEB /* Main.storyboard */; };
		CE96D0CE20BED3170089CDEB /* Assets.xcassets in Resources */ = {isa = PBXBuildFile; fileRef = CE96D0CD20BED3170089CDEB /* Assets.xcassets */; };
		CE96D0D120BED3170089CDEB /* LaunchScreen.storyboard in Resources */ = {isa = PBXBuildFile; fileRef = CE96D0CF20BED3170089CDEB /* LaunchScreen.storyboard */; };
		CE96D0D420BED3170089CDEB /* main.m in Sources */ = {isa = PBXBuildFile; fileRef = CE96D0D320BED3170089CDEB /* main.m */; };
		CE96D0DC20BED3290089CDEB /* libsqlite3.tbd in Frameworks */ = {isa = PBXBuildFile; fileRef = CE96D0DB20BED3290089CDEB /* libsqlite3.tbd */; };
		CE96D0DE20BED3470089CDEB /* noteDB.sql in Resources */ = {isa = PBXBuildFile; fileRef = CE96D0DD20BED3470089CDEB /* noteDB.sql */; };
		CE96D0E120BED3980089CDEB /* DBManager.m in Sources */ = {isa = PBXBuildFile; fileRef = CE96D0E020BED3980089CDEB /* DBManager.m */; };
/* End PBXBuildFile section */

/* Begin PBXFileReference section */
		CE96D0C120BED3160089CDEB /* SqliteNotes.app */ = {isa = PBXFileReference; explicitFileType = wrapper.application; includeInIndex = 0; path = SqliteNotes.app; sourceTree = BUILT_PRODUCTS_DIR; };
		CE96D0C420BED3160089CDEB /* AppDelegate.h */ = {isa = PBXFileReference; lastKnownFileType = sourcecode.c.h; path = AppDelegate.h; sourceTree = "<group>"; };
		CE96D0C520BED3160089CDEB /* AppDelegate.m */ = {isa = PBXFileReference; lastKnownFileType = sourcecode.c.objc; path = AppDelegate.m; sourceTree = "<group>"; };
		CE96D0C720BED3160089CDEB /* ViewController.h */ = {isa = PBXFileReference; lastKnownFileType = sourcecode.c.h; path = ViewController.h; sourceTree = "<group>"; };
		CE96D0C820BED3160089CDEB /* ViewController.m */ = {isa = PBXFileReference; lastKnownFileType = sourcecode.c.objc; path = ViewController.m; sourceTree = "<group>"; };
		CE96D0CB20BED3160089CDEB /* Base */ = {isa = PBXFileReference; lastKnownFileType = file.storyboard; name = Base; path = Base.lproj/Main.storyboard; sourceTree = "<group>"; };
		CE96D0CD20BED3170089CDEB /* Assets.xcassets */ = {isa = PBXFileReference; lastKnownFileType = folder.assetcatalog; path = Assets.xcassets; sourceTree = "<group>"; };
		CE96D0D020BED3170089CDEB /* Base */ = {isa = PBXFileReference; lastKnownFileType = file.storyboard; name = Base; path = Base.lproj/LaunchScreen.storyboard; sourceTree = "<group>"; };
		CE96D0D220BED3170089CDEB /* Info.plist */ = {isa = PBXFileReference; lastKnownFileType = text.plist.xml; path = Info.plist; sourceTree = "<group>"; };
		CE96D0D320BED3170089CDEB /* main.m */ = {isa = PBXFileReference; lastKnownFileType = sourcecode.c.objc; path = main.m; sourceTree = "<group>"; };
		CE96D0DB20BED3290089CDEB /* libsqlite3.tbd */ = {isa = PBXFileReference; lastKnownFileType = "sourcecode.text-based-dylib-definition"; name = libsqlite3.tbd; path = usr/lib/libsqlite3.tbd; sourceTree = SDKROOT; };
		CE96D0DD20BED3470089CDEB /* noteDB.sql */ = {isa = PBXFileReference; lastKnownFileType = file; path = noteDB.sql; sourceTree = "<group>"; };
		CE96D0DF20BED3980089CDEB /* DBManager.h */ = {isa = PBXFileReference; lastKnownFileType = sourcecode.c.h; path = DBManager.h; sourceTree = "<group>"; };
		CE96D0E020BED3980089CDEB /* DBManager.m */ = {isa = PBXFileReference; lastKnownFileType = sourcecode.c.objc; path = DBManager.m; sourceTree = "<group>"; };
/* End PBXFileReference section */

/* Begin PBXFrameworksBuildPhase section */
		CE96D0BE20BED3160089CDEB /* Frameworks */ = {
			isa = PBXFrameworksBuildPhase;
			buildActionMask = 2147483647;
			files = (
				CE96D0DC20BED3290089CDEB /* libsqlite3.tbd in Frameworks */,
			);
			runOnlyForDeploymentPostprocessing = 0;
		};
/* End PBXFrameworksBuildPhase section */

/* Begin PBXGroup section */
		CE96D0B820BED3160089CDEB = {
			isa = PBXGroup;
			children = (
				CE96D0C320BED3160089CDEB /* SqliteNotes */,
				CE96D0C220BED3160089CDEB /* Products */,
				CE96D0DA20BED3290089CDEB /* Frameworks */,
			);
			sourceTree = "<group>";
		};
		CE96D0C220BED3160089CDEB /* Products */ = {
			isa = PBXGroup;
			children = (
				CE96D0C120BED3160089CDEB /* SqliteNotes.app */,
			);
			name = Products;
			sourceTree = "<group>";
		};
		CE96D0C320BED3160089CDEB /* SqliteNotes */ = {
			isa = PBXGroup;
			children = (
				CE96D0C420BED3160089CDEB /* AppDelegate.h */,
				CE96D0C520BED3160089CDEB /* AppDelegate.m */,
				CE96D0C720BED3160089CDEB /* ViewController.h */,
				CE96D0C820BED3160089CDEB /* ViewController.m */,
				CE96D0CA20BED3160089CDEB /* Main.storyboard */,
				CE96D0CD20BED3170089CDEB /* Assets.xcassets */,
				CE96D0CF20BED3170089CDEB /* LaunchScreen.storyboard */,
				CE96D0D220BED3170089CDEB /* Info.plist */,
				CE96D0D320BED3170089CDEB /* main.m */,
				CE96D0DD20BED3470089CDEB /* noteDB.sql */,
				CE96D0DF20BED3980089CDEB /* DBManager.h */,
				CE96D0E020BED3980089CDEB /* DBManager.m */,
			);
			path = SqliteNotes;
			sourceTree = "<group>";
		};
		CE96D0DA20BED3290089CDEB /* Frameworks */ = {
			isa = PBXGroup;
			children = (
				CE96D0DB20BED3290089CDEB /* libsqlite3.tbd */,
			);
			name = Frameworks;
			sourceTree = "<group>";
		};
/* End PBXGroup section */

/* Begin PBXNativeTarget section */
		CE96D0C020BED3160089CDEB /* SqliteNotes */ = {
			isa = PBXNativeTarget;
			buildConfigurationList = CE96D0D720BED3170089CDEB /* Build configuration list for PBXNativeTarget "SqliteNotes" */;
			buildPhases = (
				CE96D0BD20BED3160089CDEB /* Sources */,
				CE96D0BE20BED3160089CDEB /* Frameworks */,
				CE96D0BF20BED3160089CDEB /* Resources */,
			);
			buildRules = (
			);
			dependencies = (
			);
			name = SqliteNotes;
			productName = SqliteNotes;
			productReference = CE96D0C120BED3160089CDEB /* SqliteNotes.app */;
			productType = "com.apple.product-type.application";
		};
/* End PBXNativeTarget section */

/* Begin PBXProject section */
		CE96D0B920BED3160089CDEB /* Project object */ = {
			isa = PBXProject;
			attributes = {
				LastUpgradeCheck = 0930;
				ORGANIZATIONNAME = "Zaur Giyasov";
				TargetAttributes = {
					CE96D0C020BED3160089CDEB = {
						CreatedOnToolsVersion = 9.3.1;
					};
				};
			};
			buildConfigurationList = CE96D0BC20BED3160089CDEB /* Build configuration list for PBXProject "SqliteNotes" */;
			compatibilityVersion = "Xcode 9.3";
			developmentRegion = en;
			hasScannedForEncodings = 0;
			knownRegions = (
				en,
				Base,
			);
			mainGroup = CE96D0B820BED3160089CDEB;
			productRefGroup = CE96D0C220BED3160089CDEB /* Products */;
			projectDirPath = "";
			projectRoot = "";
			targets = (
				CE96D0C020BED3160089CDEB /* SqliteNotes */,
			);
		};
/* End PBXProject section */

/* Begin PBXResourcesBuildPhase section */
		CE96D0BF20BED3160089CDEB /* Resources */ = {
			isa = PBXResourcesBuildPhase;
			buildActionMask = 2147483647;
			files = (
				CE96D0DE20BED3470089CDEB /* noteDB.sql in Resources */,
				CE96D0D120BED3170089CDEB /* LaunchScreen.storyboard in Resources */,
				CE96D0CE20BED3170089CDEB /* Assets.xcassets in Resources */,
				CE96D0CC20BED3160089CDEB /* Main.storyboard in Resources */,
			);
			runOnlyForDeploymentPostprocessing = 0;
		};
/* End PBXResourcesBuildPhase section */

/* Begin PBXSourcesBuildPhase section */
		CE96D0BD20BED3160089CDEB /* Sources */ = {
			isa = PBXSourcesBuildPhase;
			buildActionMask = 2147483647;
			files = (
				CE96D0C920BED3160089CDEB /* ViewController.m in Sources */,
				CE96D0D420BED3170089CDEB /* main.m in Sources */,
				CE96D0C620BED3160089CDEB /* AppDelegate.m in Sources */,
				CE96D0E120BED3980089CDEB /* DBManager.m in Sources */,
			);
			runOnlyForDeploymentPostprocessing = 0;
		};
/* End PBXSourcesBuildPhase section */

/* Begin PBXVariantGroup section */
		CE96D0CA20BED3160089CDEB /* Main.storyboard */ = {
			isa = PBXVariantGroup;
			children = (
				CE96D0CB20BED3160089CDEB /* Base */,
			);
			name = Main.storyboard;
			sourceTree = "<group>";
		};
		CE96D0CF20BED3170089CDEB /* LaunchScreen.storyboard */ = {
			isa = PBXVariantGroup;
			children = (
				CE96D0D020BED3170089CDEB /* Base */,
			);
			name = LaunchScreen.storyboard;
			sourceTree = "<group>";
		};
/* End PBXVariantGroup section */

/* Begin XCBuildConfiguration section */
		CE96D0D520BED3170089CDEB /* Debug */ = {
			isa = XCBuildConfiguration;
			buildSettings = {
				ALWAYS_SEARCH_USER_PATHS = NO;
				CLANG_ANALYZER_NONNULL = YES;
				CLANG_ANALYZER_NUMBER_OBJECT_CONVERSION = YES_AGGRESSIVE;
				CLANG_CXX_LANGUAGE_STANDARD = "gnu++14";
				CLANG_CXX_LIBRARY = "libc++";
				CLANG_ENABLE_MODULES = YES;
				CLANG_ENABLE_OBJC_ARC = YES;
				CLANG_ENABLE_OBJC_WEAK = YES;
				CLANG_WARN_BLOCK_CAPTURE_AUTORELEASING = YES;
				CLANG_WARN_BOOL_CONVERSION = YES;
				CLANG_WARN_COMMA = YES;
				CLANG_WARN_CONSTANT_CONVERSION = YES;
				CLANG_WARN_DEPRECATED_OBJC_IMPLEMENTATIONS = YES;
				CLANG_WARN_DIRECT_OBJC_ISA_USAGE = YES_ERROR;
				CLANG_WARN_DOCUMENTATION_COMMENTS = YES;
				CLANG_WARN_EMPTY_BODY = YES;
				CLANG_WARN_ENUM_CONVERSION = YES;
				CLANG_WARN_INFINITE_RECURSION = YES;
				CLANG_WARN_INT_CONVERSION = YES;
				CLANG_WARN_NON_LITERAL_NULL_CONVERSION = YES;
				CLANG_WARN_OBJC_IMPLICIT_RETAIN_SELF = YES;
				CLANG_WARN_OBJC_LITERAL_CONVERSION = YES;
				CLANG_WARN_OBJC_ROOT_CLASS = YES_ERROR;
				CLANG_WARN_RANGE_LOOP_ANALYSIS = YES;
				CLANG_WARN_STRICT_PROTOTYPES = YES;
				CLANG_WARN_SUSPICIOUS_MOVE = YES;
				CLANG_WARN_UNGUARDED_AVAILABILITY = YES_AGGRESSIVE;
				CLANG_WARN_UNREACHABLE_CODE = YES;
				CLANG_WARN__DUPLICATE_METHOD_MATCH = YES;
				CODE_SIGN_IDENTITY = "iPhone Developer";
				COPY_PHASE_STRIP = NO;
				DEBUG_INFORMATION_FORMAT = dwarf;
				ENABLE_STRICT_OBJC_MSGSEND = YES;
				ENABLE_TESTABILITY = YES;
				GCC_C_LANGUAGE_STANDARD = gnu11;
				GCC_DYNAMIC_NO_PIC = NO;
				GCC_NO_COMMON_BLOCKS = YES;
				GCC_OPTIMIZATION_LEVEL = 0;
				GCC_PREPROCESSOR_DEFINITIONS = (
					"DEBUG=1",
					"$(inherited)",
				);
				GCC_WARN_64_TO_32_BIT_CONVERSION = YES;
				GCC_WARN_ABOUT_RETURN_TYPE = YES_ERROR;
				GCC_WARN_UNDECLARED_SELECTOR = YES;
				GCC_WARN_UNINITIALIZED_AUTOS = YES_AGGRESSIVE;
				GCC_WARN_UNUSED_FUNCTION = YES;
				GCC_WARN_UNUSED_VARIABLE = YES;
				IPHONEOS_DEPLOYMENT_TARGET = 11.3;
				MTL_ENABLE_DEBUG_INFO = YES;
				ONLY_ACTIVE_ARCH = YES;
				SDKROOT = iphoneos;
			};
			name = Debug;
		};
		CE96D0D620BED3170089CDEB /* Release */ = {
			isa = XCBuildConfiguration;
			buildSettings = {
				ALWAYS_SEARCH_USER_PATHS = NO;
				CLANG_ANALYZER_NONNULL = YES;
				CLANG_ANALYZER_NUMBER_OBJECT_CONVERSION = YES_AGGRESSIVE;
				CLANG_CXX_LANGUAGE_STANDARD = "gnu++14";
				CLANG_CXX_LIBRARY = "libc++";
				CLANG_ENABLE_MODULES = YES;
				CLANG_ENABLE_OBJC_ARC = YES;
				CLANG_ENABLE_OBJC_WEAK = YES;
				CLANG_WARN_BLOCK_CAPTURE_AUTORELEASING = YES;
				CLANG_WARN_BOOL_CONVERSION = YES;
				CLANG_WARN_COMMA = YES;
				CLANG_WARN_CONSTANT_CONVERSION = YES;
				CLANG_WARN_DEPRECATED_OBJC_IMPLEMENTATIONS = YES;
				CLANG_WARN_DIRECT_OBJC_ISA_USAGE = YES_ERROR;
				CLANG_WARN_DOCUMENTATION_COMMENTS = YES;
				CLANG_WARN_EMPTY_BODY = YES;
				CLANG_WARN_ENUM_CONVERSION = YES;
				CLANG_WARN_INFINITE_RECURSION = YES;
				CLANG_WARN_INT_CONVERSION = YES;
				CLANG_WARN_NON_LITERAL_NULL_CONVERSION = YES;
				CLANG_WARN_OBJC_IMPLICIT_RETAIN_SELF = YES;
				CLANG_WARN_OBJC_LITERAL_CONVERSION = YES;
				CLANG_WARN_OBJC_ROOT_CLASS = YES_ERROR;
				CLANG_WARN_RANGE_LOOP_ANALYSIS = YES;
				CLANG_WARN_STRICT_PROTOTYPES = YES;
				CLANG_WARN_SUSPICIOUS_MOVE = YES;
				CLANG_WARN_UNGUARDED_AVAILABILITY = YES_AGGRESSIVE;
				CLANG_WARN_UNREACHABLE_CODE = YES;
				CLANG_WARN__DUPLICATE_METHOD_MATCH = YES;
				CODE_SIGN_IDENTITY = "iPhone Developer";
				COPY_PHASE_STRIP = NO;
				DEBUG_INFORMATION_FORMAT = "dwarf-with-dsym";
				ENABLE_NS_ASSERTIONS = NO;
				ENABLE_STRICT_OBJC_MSGSEND = YES;
				GCC_C_LANGUAGE_STANDARD = gnu11;
				GCC_NO_COMMON_BLOCKS = YES;
				GCC_WARN_64_TO_32_BIT_CONVERSION = YES;
				GCC_WARN_ABOUT_RETURN_TYPE = YES_ERROR;
				GCC_WARN_UNDECLARED_SELECTOR = YES;
				GCC_WARN_UNINITIALIZED_AUTOS = YES_AGGRESSIVE;
				GCC_WARN_UNUSED_FUNCTION = YES;
				GCC_WARN_UNUSED_VARIABLE = YES;
				IPHONEOS_DEPLOYMENT_TARGET = 11.3;
				MTL_ENABLE_DEBUG_INFO = NO;
				SDKROOT = iphoneos;
				VALIDATE_PRODUCT = YES;
			};
			name = Release;
		};
		CE96D0D820BED3170089CDEB /* Debug */ = {
			isa = XCBuildConfiguration;
			buildSettings = {
				ASSETCATALOG_COMPILER_APPICON_NAME = AppIcon;
				CODE_SIGN_STYLE = Automatic;
				INFOPLIST_FILE = SqliteNotes/Info.plist;
				LD_RUNPATH_SEARCH_PATHS = (
					"$(inherited)",
					"@executable_path/Frameworks",
				);
				PRODUCT_BUNDLE_IDENTIFIER = StudyTest.SqliteNotes;
				PRODUCT_NAME = "$(TARGET_NAME)";
				TARGETED_DEVICE_FAMILY = 1;
			};
			name = Debug;
		};
		CE96D0D920BED3170089CDEB /* Release */ = {
			isa = XCBuildConfiguration;
			buildSettings = {
				ASSETCATALOG_COMPILER_APPICON_NAME = AppIcon;
				CODE_SIGN_STYLE = Automatic;
				INFOPLIST_FILE = SqliteNotes/Info.plist;
				LD_RUNPATH_SEARCH_PATHS = (
					"$(inherited)",
					"@executable_path/Frameworks",
				);
				PRODUCT_BUNDLE_IDENTIFIER = StudyTest.SqliteNotes;
				PRODUCT_NAME = "$(TARGET_NAME)";
				TARGETED_DEVICE_FAMILY = 1;
			};
			name = Release;
		};
/* End XCBuildConfiguration section */

/* Begin XCConfigurationList section */
		CE96D0BC20BED3160089CDEB /* Build configuration list for PBXProject "SqliteNotes" */ = {
			isa = XCConfigurationList;
			buildConfigurations = (
				CE96D0D520BED3170089CDEB /* Debug */,
				CE96D0D620BED3170089CDEB /* Release */,
			);
			defaultConfigurationIsVisible = 0;
			defaultConfigurationName = Release;
		};
		CE96D0D720BED3170089CDEB /* Build configuration list for PBXNativeTarget "SqliteNotes" */ = {
			isa = XCConfigurationList;
			buildConfigurations = (
				CE96D0D820BED3170089CDEB /* Debug */,
				CE96D0D920BED3170089CDEB /* Release */,
			);
			defaultConfigurationIsVisible = 0;
			defaultConfigurationName = Release;
		};
/* End XCConfigurationList section */
	};
	rootObject = CE96D0B920BED3160089CDEB /* Project object */;
}
